
Microsoft Visual Studio Solution File, Format Version 12.00
# Visual Studio Version 16
VisualStudioVersion = 16.0.30523.141
MinimumVisualStudioVersion = 10.0.40219.1
Project("{FAE04EC0-301F-11D3-BF4B-00C04F79EFBC}") = "GitTesting.UWP", "GitTesting.UWP\GitTesting.UWP.csproj", "{2B59B1E9-4FBB-4255-9CCE-E474D71B739B}"
EndProject
Project("{FAE04EC0-301F-11D3-BF4B-00C04F79EFBC}") = "GitTesting.Android", "GitTesting.Android\GitTesting.Android.csproj", "{2AB6AD3D-F102-4486-ADB7-257446FE9398}"
EndProject
Project("{FAE04EC0-301F-11D3-BF4B-00C04F79EFBC}") = "GitTesting.iOS", "GitTesting.iOS\GitTesting.iOS.csproj", "{E41D58C3-3ABD-42DE-9567-ECD42D085073}"
EndProject
Project("{FAE04EC0-301F-11D3-BF4B-00C04F79EFBC}") = "GitTesting", "GitTesting\GitTesting.csproj", "{A0E61578-671D-453B-8929-44825531EEE2}"
EndProject
Global
	GlobalSection(SolutionConfigurationPlatforms) = preSolution
		Debug|Any CPU = Debug|Any CPU
		Debug|ARM = Debug|ARM
		Debug|iPhone = Debug|iPhone
		Debug|iPhoneSimulator = Debug|iPhoneSimulator
		Debug|x64 = Debug|x64
		Debug|x86 = Debug|x86
		Release|Any CPU = Release|Any CPU
		Release|ARM = Release|ARM
		Release|iPhone = Release|iPhone
		Release|iPhoneSimulator = Release|iPhoneSimulator
		Release|x64 = Release|x64
		Release|x86 = Release|x86
	EndGlobalSection
	GlobalSection(ProjectConfigurationPlatforms) = postSolution
		{2B59B1E9-4FBB-4255-9CCE-E474D71B739B}.Debug|Any CPU.ActiveCfg = Debug|x86
		{2B59B1E9-4FBB-4255-9CCE-E474D71B739B}.Debug|Any CPU.Build.0 = Debug|x86
		{2B59B1E9-4FBB-4255-9CCE-E474D71B739B}.Debug|Any CPU.Deploy.0 = Debug|x86
		{2B59B1E9-4FBB-4255-9CCE-E474D71B739B}.Debug|ARM.ActiveCfg = Debug|ARM
		{2B59B1E9-4FBB-4255-9CCE-E474D71B739B}.Debug|ARM.Build.0 = Debug|ARM
		{2B59B1E9-4FBB-4255-9CCE-E474D71B739B}.Debug|ARM.Deploy.0 = Debug|ARM
		{2B59B1E9-4FBB-4255-9CCE-E474D71B739B}.Debug|iPhone.ActiveCfg = Debug|x86
		{2B59B1E9-4FBB-4255-9CCE-E474D71B739B}.Debug|iPhone.Build.0 = Debug|x86
		{2B59B1E9-4FBB-4255-9CCE-E474D71B739B}.Debug|iPhone.Deploy.0 = Debug|x86
		{2B59B1E9-4FBB-4255-9CCE-E474D71B739B}.Debug|iPhoneSimulator.ActiveCfg = Debug|x86
		{2B59B1E9-4FBB-4255-9CCE-E474D71B739B}.Debug|iPhoneSimulator.Build.0 = Debug|x86
		{2B59B1E9-4FBB-4255-9CCE-E474D71B739B}.Debug|iPhoneSimulator.Deploy.0 = Debug|x86
		{2B59B1E9-4FBB-4255-9CCE-E474D71B739B}.Debug|x64.ActiveCfg = Debug|x64
		{2B59B1E9-4FBB-4255-9CCE-E474D71B739B}.Debug|x64.Build.0 = Debug|x64
		{2B59B1E9-4FBB-4255-9CCE-E474D71B739B}.Debug|x64.Deploy.0 = Debug|x64
		{2B59B1E9-4FBB-4255-9CCE-E474D71B739B}.Debug|x86.ActiveCfg = Debug|x86
		{2B59B1E9-4FBB-4255-9CCE-E474D71B739B}.Debug|x86.Build.0 = Debug|x86
		{2B59B1E9-4FBB-4255-9CCE-E474D71B739B}.Debug|x86.Deploy.0 = Debug|x86
		{2B59B1E9-4FBB-4255-9CCE-E474D71B739B}.Release|Any CPU.ActiveCfg = Release|x86
		{2B59B1E9-4FBB-4255-9CCE-E474D71B739B}.Release|Any CPU.Build.0 = Release|x86
		{2B59B1E9-4FBB-4255-9CCE-E474D71B739B}.Release|Any CPU.Deploy.0 = Release|x86
		{2B59B1E9-4FBB-4255-9CCE-E474D71B739B}.Release|ARM.ActiveCfg = Release|ARM
		{2B59B1E9-4FBB-4255-9CCE-E474D71B739B}.Release|ARM.Build.0 = Release|ARM
		{2B59B1E9-4FBB-4255-9CCE-E474D71B739B}.Release|ARM.Deploy.0 = Release|ARM
		{2B59B1E9-4FBB-4255-9CCE-E474D71B739B}.Release|iPhone.ActiveCfg = Release|x86
		{2B59B1E9-4FBB-4255-9CCE-E474D71B739B}.Release|iPhone.Build.0 = Release|x86
		{2B59B1E9-4FBB-4255-9CCE-E474D71B739B}.Release|iPhone.Deploy.0 = Release|x86
		{2B59B1E9-4FBB-4255-9CCE-E474D71B739B}.Release|iPhoneSimulator.ActiveCfg = Release|x86
		{2B59B1E9-4FBB-4255-9CCE-E474D71B739B}.Release|iPhoneSimulator.Build.0 = Release|x86
		{2B59B1E9-4FBB-4255-9CCE-E474D71B739B}.Release|iPhoneSimulator.Deploy.0 = Release|x86
		{2B59B1E9-4FBB-4255-9CCE-E474D71B739B}.Release|x64.ActiveCfg = Release|x64
		{2B59B1E9-4FBB-4255-9CCE-E474D71B739B}.Release|x64.Build.0 = Release|x64
		{2B59B1E9-4FBB-4255-9CCE-E474D71B739B}.Release|x64.Deploy.0 = Release|x64
		{2B59B1E9-4FBB-4255-9CCE-E474D71B739B}.Release|x86.ActiveCfg = Release|x86
		{2B59B1E9-4FBB-4255-9CCE-E474D71B739B}.Release|x86.Build.0 = Release|x86
		{2B59B1E9-4FBB-4255-9CCE-E474D71B739B}.Release|x86.Deploy.0 = Release|x86
		{2AB6AD3D-F102-4486-ADB7-257446FE9398}.Debug|Any CPU.ActiveCfg = Debug|Any CPU
		{2AB6AD3D-F102-4486-ADB7-257446FE9398}.Debug|Any CPU.Build.0 = Debug|Any CPU
		{2AB6AD3D-F102-4486-ADB7-257446FE9398}.Debug|Any CPU.Deploy.0 = Debug|Any CPU
		{2AB6AD3D-F102-4486-ADB7-257446FE9398}.Debug|ARM.ActiveCfg = Debug|Any CPU
		{2AB6AD3D-F102-4486-ADB7-257446FE9398}.Debug|ARM.Build.0 = Debug|Any CPU
		{2AB6AD3D-F102-4486-ADB7-257446FE9398}.Debug|ARM.Deploy.0 = Debug|Any CPU
		{2AB6AD3D-F102-4486-ADB7-257446FE9398}.Debug|iPhone.ActiveCfg = Debug|Any CPU
		{2AB6AD3D-F102-4486-ADB7-257446FE9398}.Debug|iPhone.Build.0 = Debug|Any CPU
		{2AB6AD3D-F102-4486-ADB7-257446FE9398}.Debug|iPhone.Deploy.0 = Debug|Any CPU
		{2AB6AD3D-F102-4486-ADB7-257446FE9398}.Debug|iPhoneSimulator.ActiveCfg = Debug|Any CPU
		{2AB6AD3D-F102-4486-ADB7-257446FE9398}.Debug|iPhoneSimulator.Build.0 = Debug|Any CPU
		{2AB6AD3D-F102-4486-ADB7-257446FE9398}.Debug|iPhoneSimulator.Deploy.0 = Debug|Any CPU
		{2AB6AD3D-F102-4486-ADB7-257446FE9398}.Debug|x64.ActiveCfg = Debug|Any CPU
		{2AB6AD3D-F102-4486-ADB7-257446FE9398}.Debug|x64.Build.0 = Debug|Any CPU
		{2AB6AD3D-F102-4486-ADB7-257446FE9398}.Debug|x64.Deploy.0 = Debug|Any CPU
		{2AB6AD3D-F102-4486-ADB7-257446FE9398}.Debug|x86.ActiveCfg = Debug|Any CPU
		{2AB6AD3D-F102-4486-ADB7-257446FE9398}.Debug|x86.Build.0 = Debug|Any CPU
		{2AB6AD3D-F102-4486-ADB7-257446FE9398}.Debug|x86.Deploy.0 = Debug|Any CPU
		{2AB6AD3D-F102-4486-ADB7-257446FE9398}.Release|Any CPU.ActiveCfg = Release|Any CPU
		{2AB6AD3D-F102-4486-ADB7-257446FE9398}.Release|Any CPU.Build.0 = Release|Any CPU
		{2AB6AD3D-F102-4486-ADB7-257446FE9398}.Release|Any CPU.Deploy.0 = Release|Any CPU
		{2AB6AD3D-F102-4486-ADB7-257446FE9398}.Release|ARM.ActiveCfg = Release|Any CPU
		{2AB6AD3D-F102-4486-ADB7-257446FE9398}.Release|ARM.Build.0 = Release|Any CPU
		{2AB6AD3D-F102-4486-ADB7-257446FE9398}.Release|ARM.Deploy.0 = Release|Any CPU
		{2AB6AD3D-F102-4486-ADB7-257446FE9398}.Release|iPhone.ActiveCfg = Release|Any CPU
		{2AB6AD3D-F102-4486-ADB7-257446FE9398}.Release|iPhone.Build.0 = Release|Any CPU
		{2AB6AD3D-F102-4486-ADB7-257446FE9398}.Release|iPhone.Deploy.0 = Release|Any CPU
		{2AB6AD3D-F102-4486-ADB7-257446FE9398}.Release|iPhoneSimulator.ActiveCfg = Release|Any CPU
		{2AB6AD3D-F102-4486-ADB7-257446FE9398}.Release|iPhoneSimulator.Build.0 = Release|Any CPU
		{2AB6AD3D-F102-4486-ADB7-257446FE9398}.Release|iPhoneSimulator.Deploy.0 = Release|Any CPU
		{2AB6AD3D-F102-4486-ADB7-257446FE9398}.Release|x64.ActiveCfg = Release|Any CPU
		{2AB6AD3D-F102-4486-ADB7-257446FE9398}.Release|x64.Build.0 = Release|Any CPU
		{2AB6AD3D-F102-4486-ADB7-257446FE9398}.Release|x64.Deploy.0 = Release|Any CPU
		{2AB6AD3D-F102-4486-ADB7-257446FE9398}.Release|x86.ActiveCfg = Release|Any CPU
		{2AB6AD3D-F102-4486-ADB7-257446FE9398}.Release|x86.Build.0 = Release|Any CPU
		{2AB6AD3D-F102-4486-ADB7-257446FE9398}.Release|x86.Deploy.0 = Release|Any CPU
		{E41D58C3-3ABD-42DE-9567-ECD42D085073}.Debug|Any CPU.ActiveCfg = Debug|iPhoneSimulator
		{E41D58C3-3ABD-42DE-9567-ECD42D085073}.Debug|Any CPU.Build.0 = Debug|iPhoneSimulator
		{E41D58C3-3ABD-42DE-9567-ECD42D085073}.Debug|Any CPU.Deploy.0 = Debug|iPhoneSimulator
		{E41D58C3-3ABD-42DE-9567-ECD42D085073}.Debug|ARM.ActiveCfg = Debug|iPhone
		{E41D58C3-3ABD-42DE-9567-ECD42D085073}.Debug|ARM.Build.0 = Debug|iPhone
		{E41D58C3-3ABD-42DE-9567-ECD42D085073}.Debug|ARM.Deploy.0 = Debug|iPhone
		{E41D58C3-3ABD-42DE-9567-ECD42D085073}.Debug|iPhone.ActiveCfg = Debug|iPhone
		{E41D58C3-3ABD-42DE-9567-ECD42D085073}.Debug|iPhone.Build.0 = Debug|iPhone
		{E41D58C3-3ABD-42DE-9567-ECD42D085073}.Debug|iPhone.Deploy.0 = Debug|iPhone
		{E41D58C3-3ABD-42DE-9567-ECD42D085073}.Debug|iPhoneSimulator.ActiveCfg = Debug|iPhoneSimulator
		{E41D58C3-3ABD-42DE-9567-ECD42D085073}.Debug|iPhoneSimulator.Build.0 = Debug|iPhoneSimulator
		{E41D58C3-3ABD-42DE-9567-ECD42D085073}.Debug|iPhoneSimulator.Deploy.0 = Debug|iPhoneSimulator
		{E41D58C3-3ABD-42DE-9567-ECD42D085073}.Debug|x64.ActiveCfg = Debug|iPhoneSimulator
		{E41D58C3-3ABD-42DE-9567-ECD42D085073}.Debug|x64.Build.0 = Debug|iPhoneSimulator
		{E41D58C3-3ABD-42DE-9567-ECD42D085073}.Debug|x64.Deploy.0 = Debug|iPhoneSimulator
		{E41D58C3-3ABD-42DE-9567-ECD42D085073}.Debug|x86.ActiveCfg = Debug|iPhoneSimulator
		{E41D58C3-3ABD-42DE-9567-ECD42D085073}.Debug|x86.Build.0 = Debug|iPhoneSimulator
		{E41D58C3-3ABD-42DE-9567-ECD42D085073}.Debug|x86.Deploy.0 = Debug|iPhoneSimulator
		{E41D58C3-3ABD-42DE-9567-ECD42D085073}.Release|Any CPU.ActiveCfg = Release|iPhoneSimulator
		{E41D58C3-3ABD-42DE-9567-ECD42D085073}.Release|Any CPU.Build.0 = Release|iPhoneSimulator
		{E41D58C3-3ABD-42DE-9567-ECD42D085073}.Release|Any CPU.Deploy.0 = Release|iPhoneSimulator
		{E41D58C3-3ABD-42DE-9567-ECD42D085073}.Release|ARM.ActiveCfg = Release|iPhoneSimulator
		{E41D58C3-3ABD-42DE-9567-ECD42D085073}.Release|ARM.Build.0 = Release|iPhoneSimulator
		{E41D58C3-3ABD-42DE-9567-ECD42D085073}.Release|ARM.Deploy.0 = Release|iPhoneSimulator
		{E41D58C3-3ABD-42DE-9567-ECD42D085073}.Release|iPhone.ActiveCfg = Release|iPhone
		{E41D58C3-3ABD-42DE-9567-ECD42D085073}.Release|iPhone.Build.0 = Release|iPhone
		{E41D58C3-3ABD-42DE-9567-ECD42D085073}.Release|iPhone.Deploy.0 = Release|iPhone
		{E41D58C3-3ABD-42DE-9567-ECD42D085073}.Release|iPhoneSimulator.ActiveCfg = Release|iPhoneSimulator
		{E41D58C3-3ABD-42DE-9567-ECD42D085073}.Release|iPhoneSimulator.Build.0 = Release|iPhoneSimulator
		{E41D58C3-3ABD-42DE-9567-ECD42D085073}.Release|iPhoneSimulator.Deploy.0 = Release|iPhoneSimulator
		{E41D58C3-3ABD-42DE-9567-ECD42D085073}.Release|x64.ActiveCfg = Release|iPhoneSimulator
		{E41D58C3-3ABD-42DE-9567-ECD42D085073}.Release|x64.Build.0 = Release|iPhoneSimulator
		{E41D58C3-3ABD-42DE-9567-ECD42D085073}.Release|x64.Deploy.0 = Release|iPhoneSimulator
		{E41D58C3-3ABD-42DE-9567-ECD42D085073}.Release|x86.ActiveCfg = Release|iPhoneSimulator
		{E41D58C3-3ABD-42DE-9567-ECD42D085073}.Release|x86.Build.0 = Release|iPhoneSimulator
		{E41D58C3-3ABD-42DE-9567-ECD42D085073}.Release|x86.Deploy.0 = Release|iPhoneSimulator
		{A0E61578-671D-453B-8929-44825531EEE2}.Debug|Any CPU.ActiveCfg = Debug|Any CPU
		{A0E61578-671D-453B-8929-44825531EEE2}.Debug|Any CPU.Build.0 = Debug|Any CPU
		{A0E61578-671D-453B-8929-44825531EEE2}.Debug|Any CPU.Deploy.0 = Debug|Any CPU
		{A0E61578-671D-453B-8929-44825531EEE2}.Debug|ARM.ActiveCfg = Debug|Any CPU
		{A0E61578-671D-453B-8929-44825531EEE2}.Debug|ARM.Build.0 = Debug|Any CPU
		{A0E61578-671D-453B-8929-44825531EEE2}.Debug|ARM.Deploy.0 = Debug|Any CPU
		{A0E61578-671D-453B-8929-44825531EEE2}.Debug|iPhone.ActiveCfg = Debug|Any CPU
		{A0E61578-671D-453B-8929-44825531EEE2}.Debug|iPhone.Build.0 = Debug|Any CPU
		{A0E61578-671D-453B-8929-44825531EEE2}.Debug|iPhone.Deploy.0 = Debug|Any CPU
		{A0E61578-671D-453B-8929-44825531EEE2}.Debug|iPhoneSimulator.ActiveCfg = Debug|Any CPU
		{A0E61578-671D-453B-8929-44825531EEE2}.Debug|iPhoneSimulator.Build.0 = Debug|Any CPU
		{A0E61578-671D-453B-8929-44825531EEE2}.Debug|iPhoneSimulator.Deploy.0 = Debug|Any CPU
		{A0E61578-671D-453B-8929-44825531EEE2}.Debug|x64.ActiveCfg = Debug|Any CPU
		{A0E61578-671D-453B-8929-44825531EEE2}.Debug|x64.Build.0 = Debug|Any CPU
		{A0E61578-671D-453B-8929-44825531EEE2}.Debug|x64.Deploy.0 = Debug|Any CPU
		{A0E61578-671D-453B-8929-44825531EEE2}.Debug|x86.ActiveCfg = Debug|Any CPU
		{A0E61578-671D-453B-8929-44825531EEE2}.Debug|x86.Build.0 = Debug|Any CPU
		{A0E61578-671D-453B-8929-44825531EEE2}.Debug|x86.Deploy.0 = Debug|Any CPU
		{A0E61578-671D-453B-8929-44825531EEE2}.Release|Any CPU.ActiveCfg = Release|Any CPU
		{A0E61578-671D-453B-8929-44825531EEE2}.Release|Any CPU.Build.0 = Release|Any CPU
		{A0E61578-671D-453B-8929-44825531EEE2}.Release|Any CPU.Deploy.0 = Release|Any CPU
		{A0E61578-671D-453B-8929-44825531EEE2}.Release|ARM.ActiveCfg = Release|Any CPU
		{A0E61578-671D-453B-8929-44825531EEE2}.Release|ARM.Build.0 = Release|Any CPU
		{A0E61578-671D-453B-8929-44825531EEE2}.Release|ARM.Deploy.0 = Release|Any CPU
		{A0E61578-671D-453B-8929-44825531EEE2}.Release|iPhone.ActiveCfg = Release|Any CPU
		{A0E61578-671D-453B-8929-44825531EEE2}.Release|iPhone.Build.0 = Release|Any CPU
		{A0E61578-671D-453B-8929-44825531EEE2}.Release|iPhone.Deploy.0 = Release|Any CPU
		{A0E61578-671D-453B-8929-44825531EEE2}.Release|iPhoneSimulator.ActiveCfg = Release|Any CPU
		{A0E61578-671D-453B-8929-44825531EEE2}.Release|iPhoneSimulator.Build.0 = Release|Any CPU
		{A0E61578-671D-453B-8929-44825531EEE2}.Release|iPhoneSimulator.Deploy.0 = Release|Any CPU
		{A0E61578-671D-453B-8929-44825531EEE2}.Release|x64.ActiveCfg = Release|Any CPU
		{A0E61578-671D-453B-8929-44825531EEE2}.Release|x64.Build.0 = Release|Any CPU
		{A0E61578-671D-453B-8929-44825531EEE2}.Release|x64.Deploy.0 = Release|Any CPU
		{A0E61578-671D-453B-8929-44825531EEE2}.Release|x86.ActiveCfg = Release|Any CPU
		{A0E61578-671D-453B-8929-44825531EEE2}.Release|x86.Build.0 = Release|Any CPU
		{A0E61578-671D-453B-8929-44825531EEE2}.Release|x86.Deploy.0 = Release|Any CPU
	EndGlobalSection
	GlobalSection(SolutionProperties) = preSolution
		HideSolutionNode = FALSE
	EndGlobalSection
	GlobalSection(ExtensibilityGlobals) = postSolution
		SolutionGuid = {3454718B-D100-4FB6-B724-D2207A52E35A}
	EndGlobalSection
EndGlobal
